
Microsoft Visual Studio Solution File, Format Version 12.00
# Visual Studio 15
VisualStudioVersion = 15.0.27004.2009
MinimumVisualStudioVersion = 10.0.40219.1
Project("{D954291E-2A0B-460D-934E-DC6B0785DB48}") = "MDPMS", "MDPMS\MDPMS\MDPMS.shproj", "{542D148C-FF38-4173-9449-25679E45FE35}"
EndProject
Project("{FAE04EC0-301F-11D3-BF4B-00C04F79EFBC}") = "MDPMS.Android", "MDPMS\MDPMS.Android\MDPMS.Android.csproj", "{C3808BE9-34F9-47F7-96C8-99AC5C03CB97}"
EndProject
Project("{FAE04EC0-301F-11D3-BF4B-00C04F79EFBC}") = "MDPMS.iOS", "MDPMS\MDPMS.iOS\MDPMS.iOS.csproj", "{BF014880-ED2C-4E8A-A261-D234A707EEC8}"
EndProject
Global
	GlobalSection(SharedMSBuildProjectFiles) = preSolution
		MDPMS\MDPMS\MDPMS.projitems*{542d148c-ff38-4173-9449-25679e45fe35}*SharedItemsImports = 13
		MDPMS\MDPMS\MDPMS.projitems*{bf014880-ed2c-4e8a-a261-d234a707eec8}*SharedItemsImports = 4
		MDPMS\MDPMS\MDPMS.projitems*{c3808be9-34f9-47f7-96c8-99ac5c03cb97}*SharedItemsImports = 4
	EndGlobalSection
	GlobalSection(SolutionConfigurationPlatforms) = preSolution
		Ad-Hoc|Any CPU = Ad-Hoc|Any CPU
		Ad-Hoc|iPhone = Ad-Hoc|iPhone
		Ad-Hoc|iPhoneSimulator = Ad-Hoc|iPhoneSimulator
		AppStore|Any CPU = AppStore|Any CPU
		AppStore|iPhone = AppStore|iPhone
		AppStore|iPhoneSimulator = AppStore|iPhoneSimulator
		Debug|Any CPU = Debug|Any CPU
		Debug|iPhone = Debug|iPhone
		Debug|iPhoneSimulator = Debug|iPhoneSimulator
		Release|Any CPU = Release|Any CPU
		Release|iPhone = Release|iPhone
		Release|iPhoneSimulator = Release|iPhoneSimulator
	EndGlobalSection
	GlobalSection(ProjectConfigurationPlatforms) = postSolution
		{C3808BE9-34F9-47F7-96C8-99AC5C03CB97}.Ad-Hoc|Any CPU.ActiveCfg = Release|Any CPU
		{C3808BE9-34F9-47F7-96C8-99AC5C03CB97}.Ad-Hoc|Any CPU.Build.0 = Release|Any CPU
		{C3808BE9-34F9-47F7-96C8-99AC5C03CB97}.Ad-Hoc|Any CPU.Deploy.0 = Release|Any CPU
		{C3808BE9-34F9-47F7-96C8-99AC5C03CB97}.Ad-Hoc|iPhone.ActiveCfg = Release|Any CPU
		{C3808BE9-34F9-47F7-96C8-99AC5C03CB97}.Ad-Hoc|iPhone.Build.0 = Release|Any CPU
		{C3808BE9-34F9-47F7-96C8-99AC5C03CB97}.Ad-Hoc|iPhone.Deploy.0 = Release|Any CPU
		{C3808BE9-34F9-47F7-96C8-99AC5C03CB97}.Ad-Hoc|iPhoneSimulator.ActiveCfg = Release|Any CPU
		{C3808BE9-34F9-47F7-96C8-99AC5C03CB97}.Ad-Hoc|iPhoneSimulator.Build.0 = Release|Any CPU
		{C3808BE9-34F9-47F7-96C8-99AC5C03CB97}.Ad-Hoc|iPhoneSimulator.Deploy.0 = Release|Any CPU
		{C3808BE9-34F9-47F7-96C8-99AC5C03CB97}.AppStore|Any CPU.ActiveCfg = Release|Any CPU
		{C3808BE9-34F9-47F7-96C8-99AC5C03CB97}.AppStore|Any CPU.Build.0 = Release|Any CPU
		{C3808BE9-34F9-47F7-96C8-99AC5C03CB97}.AppStore|Any CPU.Deploy.0 = Release|Any CPU
		{C3808BE9-34F9-47F7-96C8-99AC5C03CB97}.AppStore|iPhone.ActiveCfg = Release|Any CPU
		{C3808BE9-34F9-47F7-96C8-99AC5C03CB97}.AppStore|iPhone.Build.0 = Release|Any CPU
		{C3808BE9-34F9-47F7-96C8-99AC5C03CB97}.AppStore|iPhone.Deploy.0 = Release|Any CPU
		{C3808BE9-34F9-47F7-96C8-99AC5C03CB97}.AppStore|iPhoneSimulator.ActiveCfg = Release|Any CPU
		{C3808BE9-34F9-47F7-96C8-99AC5C03CB97}.AppStore|iPhoneSimulator.Build.0 = Release|Any CPU
		{C3808BE9-34F9-47F7-96C8-99AC5C03CB97}.AppStore|iPhoneSimulator.Deploy.0 = Release|Any CPU
		{C3808BE9-34F9-47F7-96C8-99AC5C03CB97}.Debug|Any CPU.ActiveCfg = Debug|Any CPU
		{C3808BE9-34F9-47F7-96C8-99AC5C03CB97}.Debug|Any CPU.Build.0 = Debug|Any CPU
		{C3808BE9-34F9-47F7-96C8-99AC5C03CB97}.Debug|Any CPU.Deploy.0 = Debug|Any CPU
		{C3808BE9-34F9-47F7-96C8-99AC5C03CB97}.Debug|iPhone.ActiveCfg = Debug|Any CPU
		{C3808BE9-34F9-47F7-96C8-99AC5C03CB97}.Debug|iPhone.Build.0 = Debug|Any CPU
		{C3808BE9-34F9-47F7-96C8-99AC5C03CB97}.Debug|iPhone.Deploy.0 = Debug|Any CPU
		{C3808BE9-34F9-47F7-96C8-99AC5C03CB97}.Debug|iPhoneSimulator.ActiveCfg = Debug|Any CPU
		{C3808BE9-34F9-47F7-96C8-99AC5C03CB97}.Debug|iPhoneSimulator.Build.0 = Debug|Any CPU
		{C3808BE9-34F9-47F7-96C8-99AC5C03CB97}.Debug|iPhoneSimulator.Deploy.0 = Debug|Any CPU
		{C3808BE9-34F9-47F7-96C8-99AC5C03CB97}.Release|Any CPU.ActiveCfg = Release|Any CPU
		{C3808BE9-34F9-47F7-96C8-99AC5C03CB97}.Release|Any CPU.Build.0 = Release|Any CPU
		{C3808BE9-34F9-47F7-96C8-99AC5C03CB97}.Release|Any CPU.Deploy.0 = Release|Any CPU
		{C3808BE9-34F9-47F7-96C8-99AC5C03CB97}.Release|iPhone.ActiveCfg = Release|Any CPU
		{C3808BE9-34F9-47F7-96C8-99AC5C03CB97}.Release|iPhone.Build.0 = Release|Any CPU
		{C3808BE9-34F9-47F7-96C8-99AC5C03CB97}.Release|iPhone.Deploy.0 = Release|Any CPU
		{C3808BE9-34F9-47F7-96C8-99AC5C03CB97}.Release|iPhoneSimulator.ActiveCfg = Release|Any CPU
		{C3808BE9-34F9-47F7-96C8-99AC5C03CB97}.Release|iPhoneSimulator.Build.0 = Release|Any CPU
		{C3808BE9-34F9-47F7-96C8-99AC5C03CB97}.Release|iPhoneSimulator.Deploy.0 = Release|Any CPU
		{BF014880-ED2C-4E8A-A261-D234A707EEC8}.Ad-Hoc|Any CPU.ActiveCfg = Ad-Hoc|iPhoneSimulator
		{BF014880-ED2C-4E8A-A261-D234A707EEC8}.Ad-Hoc|iPhone.ActiveCfg = Ad-Hoc|iPhone
		{BF014880-ED2C-4E8A-A261-D234A707EEC8}.Ad-Hoc|iPhone.Build.0 = Ad-Hoc|iPhone
		{BF014880-ED2C-4E8A-A261-D234A707EEC8}.Ad-Hoc|iPhoneSimulator.ActiveCfg = Ad-Hoc|iPhoneSimulator
		{BF014880-ED2C-4E8A-A261-D234A707EEC8}.Ad-Hoc|iPhoneSimulator.Build.0 = Ad-Hoc|iPhoneSimulator
		{BF014880-ED2C-4E8A-A261-D234A707EEC8}.AppStore|Any CPU.ActiveCfg = AppStore|iPhoneSimulator
		{BF014880-ED2C-4E8A-A261-D234A707EEC8}.AppStore|iPhone.ActiveCfg = AppStore|iPhone
		{BF014880-ED2C-4E8A-A261-D234A707EEC8}.AppStore|iPhone.Build.0 = AppStore|iPhone
		{BF014880-ED2C-4E8A-A261-D234A707EEC8}.AppStore|iPhoneSimulator.ActiveCfg = AppStore|iPhoneSimulator
		{BF014880-ED2C-4E8A-A261-D234A707EEC8}.AppStore|iPhoneSimulator.Build.0 = AppStore|iPhoneSimulator
		{BF014880-ED2C-4E8A-A261-D234A707EEC8}.Debug|Any CPU.ActiveCfg = Debug|iPhoneSimulator
		{BF014880-ED2C-4E8A-A261-D234A707EEC8}.Debug|iPhone.ActiveCfg = Debug|iPhone
		{BF014880-ED2C-4E8A-A261-D234A707EEC8}.Debug|iPhone.Build.0 = Debug|iPhone
		{BF014880-ED2C-4E8A-A261-D234A707EEC8}.Debug|iPhoneSimulator.ActiveCfg = Debug|iPhoneSimulator
		{BF014880-ED2C-4E8A-A261-D234A707EEC8}.Debug|iPhoneSimulator.Build.0 = Debug|iPhoneSimulator
		{BF014880-ED2C-4E8A-A261-D234A707EEC8}.Release|Any CPU.ActiveCfg = Release|iPhoneSimulator
		{BF014880-ED2C-4E8A-A261-D234A707EEC8}.Release|iPhone.ActiveCfg = Release|iPhone
		{BF014880-ED2C-4E8A-A261-D234A707EEC8}.Release|iPhone.Build.0 = Release|iPhone
		{BF014880-ED2C-4E8A-A261-D234A707EEC8}.Release|iPhoneSimulator.ActiveCfg = Release|iPhoneSimulator
		{BF014880-ED2C-4E8A-A261-D234A707EEC8}.Release|iPhoneSimulator.Build.0 = Release|iPhoneSimulator
	EndGlobalSection
	GlobalSection(SolutionProperties) = preSolution
		HideSolutionNode = FALSE
	EndGlobalSection
	GlobalSection(ExtensibilityGlobals) = postSolution
		SolutionGuid = {420C0587-8E6A-4A15-9E63-41F9609B4368}
	EndGlobalSection
EndGlobal
